{
    "_readme": [
        "This file locks the dependencies of your project to a known state",
        "Read more about it at https://getcomposer.org/doc/01-basic-usage.md#composer-lock-the-lock-file",
        "This file is @generated automatically"
    ],
    "hash": "3751b9298e882c47c4b284a01dc9710b",
    "content-hash": "76d4f880a3a18dae8d5b7720e224da67",
    "packages": [
        {
            "name": "alchemy/zippy",
            "version": "0.2.1",
            "source": {
                "type": "git",
                "url": "https://github.com/alchemy-fr/Zippy.git",
                "reference": "16285231eb37587c6c32b86fa483c35853cd7515"
            },
            "dist": {
                "type": "zip",
                "url": "https://api.github.com/repos/alchemy-fr/Zippy/zipball/16285231eb37587c6c32b86fa483c35853cd7515",
                "reference": "16285231eb37587c6c32b86fa483c35853cd7515",
                "shasum": ""
            },
            "require": {
                "doctrine/collections": "~1.0",
                "guzzle/guzzle": "~3.0",
                "php": ">=5.3.3",
                "pimple/pimple": "~1.0",
                "symfony/filesystem": "~2.0",
                "symfony/process": "~2.0"
            },
            "require-dev": {
                "ext-zip": "*",
                "phpunit/phpunit": "~3.7",
                "sami/sami": "dev-master@dev",
                "symfony/finder": "~2.0"
            },
            "suggest": {
                "ext-zip": "To use the ZipExtensionAdapter"
            },
            "type": "library",
            "extra": {
                "branch-alias": {
                    "dev-master": "0.2.x-dev"
                }
            },
            "autoload": {
                "psr-0": {
                    "Alchemy": "src"
                }
            },
            "notification-url": "https://packagist.org/downloads/",
            "license": [
                "MIT"
            ],
            "authors": [
                {
                    "name": "Alchemy",
                    "email": "dev.team@alchemy.fr",
                    "homepage": "http://www.alchemy.fr/"
                }
            ],
            "description": "Zippy, the archive manager companion",
            "keywords": [
                "bzip",
                "compression",
                "tar",
                "zip"
            ],
            "time": "2014-12-10 15:03:17"
        },
        {
            "name": "doctrine/collections",
            "version": "v1.3.0",
            "source": {
                "type": "git",
                "url": "https://github.com/doctrine/collections.git",
                "reference": "6c1e4eef75f310ea1b3e30945e9f06e652128b8a"
            },
            "dist": {
                "type": "zip",
                "url": "https://api.github.com/repos/doctrine/collections/zipball/6c1e4eef75f310ea1b3e30945e9f06e652128b8a",
                "reference": "6c1e4eef75f310ea1b3e30945e9f06e652128b8a",
                "shasum": ""
            },
            "require": {
                "php": ">=5.3.2"
            },
            "require-dev": {
                "phpunit/phpunit": "~4.0"
            },
            "type": "library",
            "extra": {
                "branch-alias": {
                    "dev-master": "1.2.x-dev"
                }
            },
            "autoload": {
                "psr-0": {
                    "Doctrine\\Common\\Collections\\": "lib/"
                }
            },
            "notification-url": "https://packagist.org/downloads/",
            "license": [
                "MIT"
            ],
            "authors": [
                {
                    "name": "Roman Borschel",
                    "email": "roman@code-factory.org"
                },
                {
                    "name": "Benjamin Eberlei",
                    "email": "kontakt@beberlei.de"
                },
                {
                    "name": "Guilherme Blanco",
                    "email": "guilhermeblanco@gmail.com"
                },
                {
                    "name": "Jonathan Wage",
                    "email": "jonwage@gmail.com"
                },
                {
                    "name": "Johannes Schmitt",
                    "email": "schmittjoh@gmail.com"
                }
            ],
            "description": "Collections Abstraction library",
            "homepage": "http://www.doctrine-project.org",
            "keywords": [
                "array",
                "collections",
                "iterator"
            ],
            "time": "2015-04-14 22:21:58"
        },
        {
            "name": "guzzle/guzzle",
            "version": "v3.9.3",
            "source": {
                "type": "git",
                "url": "https://github.com/guzzle/guzzle3.git",
                "reference": "0645b70d953bc1c067bbc8d5bc53194706b628d9"
            },
            "dist": {
                "type": "zip",
                "url": "https://api.github.com/repos/guzzle/guzzle3/zipball/0645b70d953bc1c067bbc8d5bc53194706b628d9",
                "reference": "0645b70d953bc1c067bbc8d5bc53194706b628d9",
                "shasum": ""
            },
            "require": {
                "ext-curl": "*",
                "php": ">=5.3.3",
                "symfony/event-dispatcher": "~2.1"
            },
            "replace": {
                "guzzle/batch": "self.version",
                "guzzle/cache": "self.version",
                "guzzle/common": "self.version",
                "guzzle/http": "self.version",
                "guzzle/inflection": "self.version",
                "guzzle/iterator": "self.version",
                "guzzle/log": "self.version",
                "guzzle/parser": "self.version",
                "guzzle/plugin": "self.version",
                "guzzle/plugin-async": "self.version",
                "guzzle/plugin-backoff": "self.version",
                "guzzle/plugin-cache": "self.version",
                "guzzle/plugin-cookie": "self.version",
                "guzzle/plugin-curlauth": "self.version",
                "guzzle/plugin-error-response": "self.version",
                "guzzle/plugin-history": "self.version",
                "guzzle/plugin-log": "self.version",
                "guzzle/plugin-md5": "self.version",
                "guzzle/plugin-mock": "self.version",
                "guzzle/plugin-oauth": "self.version",
                "guzzle/service": "self.version",
                "guzzle/stream": "self.version"
            },
            "require-dev": {
                "doctrine/cache": "~1.3",
                "monolog/monolog": "~1.0",
                "phpunit/phpunit": "3.7.*",
                "psr/log": "~1.0",
                "symfony/class-loader": "~2.1",
                "zendframework/zend-cache": "2.*,<2.3",
                "zendframework/zend-log": "2.*,<2.3"
            },
            "suggest": {
                "guzzlehttp/guzzle": "Guzzle 5 has moved to a new package name. The package you have installed, Guzzle 3, is deprecated."
            },
            "type": "library",
            "extra": {
                "branch-alias": {
                    "dev-master": "3.9-dev"
                }
            },
            "autoload": {
                "psr-0": {
                    "Guzzle": "src/",
                    "Guzzle\\Tests": "tests/"
                }
            },
            "notification-url": "https://packagist.org/downloads/",
            "license": [
                "MIT"
            ],
            "authors": [
                {
                    "name": "Michael Dowling",
                    "email": "mtdowling@gmail.com",
                    "homepage": "https://github.com/mtdowling"
                },
                {
                    "name": "Guzzle Community",
                    "homepage": "https://github.com/guzzle/guzzle/contributors"
                }
            ],
            "description": "PHP HTTP client. This library is deprecated in favor of https://packagist.org/packages/guzzlehttp/guzzle",
            "homepage": "http://guzzlephp.org/",
            "keywords": [
                "client",
                "curl",
                "framework",
                "http",
                "http client",
                "rest",
                "web service"
            ],
            "time": "2015-03-18 18:23:50"
        },
        {
            "name": "kevinlebrun/colors.php",
            "version": "0.4.1",
            "source": {
                "type": "git",
                "url": "https://github.com/kevinlebrun/colors.php.git",
                "reference": "d132f36d06e48ea080855af19b4bcb1fb615224a"
            },
            "dist": {
                "type": "zip",
                "url": "https://api.github.com/repos/kevinlebrun/colors.php/zipball/d132f36d06e48ea080855af19b4bcb1fb615224a",
                "reference": "d132f36d06e48ea080855af19b4bcb1fb615224a",
                "shasum": ""
            },
            "require": {
                "php": ">=5.3.0"
            },
            "require-dev": {
                "phpunit/phpunit": "3.7.*",
                "satooshi/php-coveralls": "dev-master",
                "squizlabs/php_codesniffer": "1.*"
            },
            "type": "library",
            "autoload": {
                "psr-0": {
                    "Colors": "src/"
                }
            },
            "notification-url": "https://packagist.org/downloads/",
            "license": [
                "MIT"
            ],
            "authors": [
                {
                    "name": "Kevin Le Brun",
                    "email": "lebrun.k@gmail.com",
                    "homepage": "http://kevinlebrun.fr",
                    "role": "developer"
                }
            ],
            "description": "Colors for PHP CLI scripts",
            "homepage": "https://github.com/kevinlebrun/colors.php",
            "keywords": [
                "cli",
                "color",
                "colors",
                "console",
                "shell"
            ],
            "time": "2014-12-23 01:23:37"
        },
        {
            "name": "michelf/php-markdown",
            "version": "1.5.0",
            "source": {
                "type": "git",
                "url": "https://github.com/michelf/php-markdown.git",
                "reference": "e1aabe18173231ebcefc90e615565742fc1c7fd9"
            },
            "dist": {
                "type": "zip",
                "url": "https://api.github.com/repos/michelf/php-markdown/zipball/e1aabe18173231ebcefc90e615565742fc1c7fd9",
                "reference": "e1aabe18173231ebcefc90e615565742fc1c7fd9",
                "shasum": ""
            },
            "require": {
                "php": ">=5.3.0"
            },
            "type": "library",
            "extra": {
                "branch-alias": {
                    "dev-lib": "1.4.x-dev"
                }
            },
            "autoload": {
                "psr-0": {
                    "Michelf": ""
                }
            },
            "notification-url": "https://packagist.org/downloads/",
            "license": [
                "BSD-3-Clause"
            ],
            "authors": [
                {
                    "name": "John Gruber",
                    "homepage": "http://daringfireball.net/"
                },
                {
                    "name": "Michel Fortin",
                    "email": "michel.fortin@michelf.ca",
                    "homepage": "https://michelf.ca/",
                    "role": "Developer"
                }
            ],
            "description": "PHP Markdown",
            "homepage": "https://michelf.ca/projects/php-markdown/",
            "keywords": [
                "markdown"
            ],
            "time": "2015-03-01 12:03:08"
        },
        {
            "name": "pattern-lab/core",
            "version": "v0.6.11",
            "source": {
                "type": "git",
                "url": "https://github.com/pattern-lab/patternlab-php-core.git",
                "reference": "c2c4bc6a8bda2b2f9c08b197669ebc94c025e7c6"
            },
            "dist": {
                "type": "zip",
                "url": "https://api.github.com/repos/pattern-lab/patternlab-php-core/zipball/c2c4bc6a8bda2b2f9c08b197669ebc94c025e7c6",
                "reference": "c2c4bc6a8bda2b2f9c08b197669ebc94c025e7c6",
                "shasum": ""
            },
            "require": {
                "alchemy/zippy": "0.2.1",
                "kevinlebrun/colors.php": "0.4.1",
                "michelf/php-markdown": "1.5.0",
                "pattern-lab/unified-asset-installer": "~0.5",
                "php": ">=5.3.6",
                "seld/jsonlint": "1.3.1",
                "symfony/event-dispatcher": "2.6.4",
                "symfony/filesystem": "2.6.4",
                "symfony/finder": "2.6.4",
                "symfony/yaml": "2.6.4"
            },
            "type": "library",
            "autoload": {
                "psr-0": {
                    "PatternLab": "src/"
                }
            },
            "notification-url": "https://packagist.org/downloads/",
            "license": [
                "MIT"
            ],
            "authors": [
                {
                    "name": "Dave Olsen",
                    "email": "dmolsen@gmail.com",
                    "homepage": "http://dmolsen.com",
                    "role": "Lead Developer"
                },
                {
                    "name": "Brad Frost",
                    "homepage": "http://bradfrostweb.com",
                    "role": "Creator"
                }
            ],
            "description": "The core functionality for Pattern Lab.",
            "homepage": "http://patternlab.io",
            "keywords": [
                "atomic",
                "atomic design",
                "pattern lab",
                "style guide",
                "styleguide"
            ],
            "time": "2015-03-08 01:32:06"
        },
        {
            "name": "pattern-lab/patternengine-twig",
            "version": "v0.7.0",
            "source": {
                "type": "git",
                "url": "https://github.com/pattern-lab/patternengine-php-twig.git",
                "reference": "2c338eed598ae7ac5969a5396bac2fe0b688e9d3"
            },
            "dist": {
                "type": "zip",
                "url": "https://api.github.com/repos/pattern-lab/patternengine-php-twig/zipball/2c338eed598ae7ac5969a5396bac2fe0b688e9d3",
                "reference": "2c338eed598ae7ac5969a5396bac2fe0b688e9d3",
                "shasum": ""
            },
            "require": {
                "pattern-lab/core": "0.*",
                "php": ">=5.3.6",
                "twig/twig": "1.*"
            },
            "type": "patternlab-patternengine",
            "extra": {
                "patternlab": {
                    "config": {
                        "lineageMatch": "{%([ ]+)?include( |\\()[&quot;\\&#039;]([A-Za-z0-9-_]+)[&quot;\\&#039;](\\))?(.*)%}",
                        "lineageMatchKey": 3,
                        "patternExtension": "twig",
                        "twigDebug": false,
                        "twigAutoescape": "html",
                        "twigDefaultDateFormat": "",
                        "twigDefaultIntervalFormat": "",
                        "twigMacroExt": "macro.twig",
                        "twigFilterExt": "filter.php",
                        "twigFunctionExt": "function.php",
                        "twigTagExt": "tag.php",
                        "twigTestExt": "test.php"
                    }
                }
            },
            "autoload": {
                "psr-0": {
                    "PatternLab\\PatternEngine\\Twig": "src/"
                }
            },
            "notification-url": "https://packagist.org/downloads/",
            "license": [
                "MIT"
            ],
            "authors": [
                {
                    "name": "Dave Olsen",
                    "email": "dmolsen@gmail.com",
                    "homepage": "http://dmolsen.com",
                    "role": "Lead Developer"
                }
            ],
            "description": "Twig-based PatternEngine for Pattern Lab.",
            "homepage": "http://patternlab.io",
            "keywords": [
                "pattern engine",
                "pattern lab",
                "twig"
            ],
            "time": "2016-04-04 16:54:15"
        },
        {
            "name": "pattern-lab/styleguidekit-assets-default",
            "version": "v0.6.5",
            "source": {
                "type": "git",
                "url": "https://github.com/pattern-lab/styleguidekit-assets-default.git",
                "reference": "12908757a15fddcbcbdf277433614cfae2db6bf7"
            },
            "dist": {
                "type": "zip",
                "url": "https://api.github.com/repos/pattern-lab/styleguidekit-assets-default/zipball/12908757a15fddcbcbdf277433614cfae2db6bf7",
                "reference": "12908757a15fddcbcbdf277433614cfae2db6bf7",
                "shasum": ""
            },
            "require": {
                "pattern-lab/core": "0.*"
            },
            "type": "patternlab-styleguidekit",
            "extra": {
                "patternlab": {
                    "dist": {
                        "publicDir": [
                            {
                                "bower_components/*": "styleguide/bower_components/*"
                            },
                            {
                                "css/patternlab/*": "styleguide/css/*"
                            },
                            {
                                "fonts/*": "styleguide/fonts/*"
                            },
                            {
                                "html/index.html": "index.html"
                            },
                            {
                                "images/*": "styleguide/images/*"
                            },
                            {
                                "js/*": "styleguide/js/*"
                            }
                        ],
                        "sourceDir": [
                            {
                                "css/custom/*": "styleguide/css/*"
                            }
                        ]
                    },
                    "config": {
                        "ishMinimum": "240",
                        "ishMaximum": "2600",
                        "ishControlsHide": [
                            "hay"
                        ]
                    }
                }
            },
            "notification-url": "https://packagist.org/downloads/",
            "license": [
                "MIT"
            ],
            "authors": [
                {
                    "name": "Dave Olsen",
                    "email": "dmolsen@gmail.com",
                    "homepage": "http://dmolsen.com",
                    "role": "Lead Developer"
                },
                {
                    "name": "Brad Frost",
                    "homepage": "http://bradfrostweb.com",
                    "role": "Creator"
                }
            ],
            "description": "The assets for the default StyleguideKit for Pattern Lab. Contains styles and mark-up for Pattern Lab's front-end.",
            "homepage": "http://patternlab.io",
            "keywords": [
                "mustache",
                "pattern lab",
                "styleguide"
            ],
            "time": "2015-03-07 19:29:06"
        },
        {
            "name": "pattern-lab/styleguidekit-twig-default",
            "version": "v0.6.5",
            "source": {
                "type": "git",
                "url": "https://github.com/pattern-lab/styleguidekit-twig-default.git",
                "reference": "3a3aef3c7570869e21e9882f15d1af13e6155bbd"
            },
            "dist": {
                "type": "zip",
                "url": "https://api.github.com/repos/pattern-lab/styleguidekit-twig-default/zipball/3a3aef3c7570869e21e9882f15d1af13e6155bbd",
                "reference": "3a3aef3c7570869e21e9882f15d1af13e6155bbd",
                "shasum": ""
            },
            "require": {
                "pattern-lab/core": "0.*",
                "pattern-lab/patternengine-twig": "0.*",
                "pattern-lab/styleguidekit-assets-default": "0.*",
                "twig/twig": "1.*"
            },
            "type": "patternlab-styleguidekit",
            "notification-url": "https://packagist.org/downloads/",
            "license": [
                "MIT"
            ],
            "authors": [
                {
                    "name": "Dave Olsen",
                    "email": "dmolsen@gmail.com",
                    "homepage": "http://dmolsen.com",
                    "role": "Lead Developer"
                },
                {
                    "name": "Brad Frost",
                    "homepage": "http://bradfrostweb.com",
                    "role": "Creator"
                }
            ],
            "description": "The default Twig-based StyleguideKit for Pattern Lab. Contains styles and mark-up for Pattern Lab's front-end.",
            "homepage": "http://patternlab.io",
            "keywords": [
                "pattern lab",
                "styleguide",
                "twig"
            ],
            "time": "2015-03-07 22:24:36"
        },
        {
            "name": "pattern-lab/unified-asset-installer",
            "version": "v0.5.5",
            "source": {
                "type": "git",
                "url": "https://github.com/pattern-lab/unified-asset-installer.git",
                "reference": "041235d51ad32beacf435fd6942d01029266de7e"
            },
            "dist": {
                "type": "zip",
                "url": "https://api.github.com/repos/pattern-lab/unified-asset-installer/zipball/041235d51ad32beacf435fd6942d01029266de7e",
                "reference": "041235d51ad32beacf435fd6942d01029266de7e",
                "shasum": ""
            },
            "require": {
                "composer-plugin-api": "1.0.0",
                "php": ">=5.3.6"
            },
            "type": "composer-installer",
            "extra": {
                "class": "\\PatternLab\\Composer\\UnifiedAssetInstaller"
            },
            "autoload": {
                "psr-0": {
                    "PatternLab\\Composer": "src/"
                }
            },
            "notification-url": "https://packagist.org/downloads/",
            "license": [
                "MIT"
            ],
            "authors": [
                {
                    "name": "Dave Olsen",
                    "email": "dmolsen@gmail.com",
                    "homepage": "http://dmolsen.com",
                    "role": "Lead Developer"
                }
            ],
            "description": "Manages the installation of Pattern Lab-related assets like StarterKits, PatternEngines, and Plug-ins.",
            "homepage": "http://patternlab.io",
            "keywords": [
                "assets",
                "installer",
                "pattern lab",
                "plugins"
            ],
            "time": "2015-03-02 14:02:04"
        },
        {
            "name": "pimple/pimple",
            "version": "v1.1.1",
            "source": {
                "type": "git",
                "url": "https://github.com/silexphp/Pimple.git",
                "reference": "2019c145fe393923f3441b23f29bbdfaa5c58c4d"
            },
            "dist": {
                "type": "zip",
                "url": "https://api.github.com/repos/silexphp/Pimple/zipball/2019c145fe393923f3441b23f29bbdfaa5c58c4d",
                "reference": "2019c145fe393923f3441b23f29bbdfaa5c58c4d",
                "shasum": ""
            },
            "require": {
                "php": ">=5.3.0"
            },
            "type": "library",
            "extra": {
                "branch-alias": {
                    "dev-master": "1.1.x-dev"
                }
            },
            "autoload": {
                "psr-0": {
                    "Pimple": "lib/"
                }
            },
            "notification-url": "https://packagist.org/downloads/",
            "license": [
                "MIT"
            ],
            "authors": [
                {
                    "name": "Fabien Potencier",
                    "email": "fabien@symfony.com"
                }
            ],
            "description": "Pimple is a simple Dependency Injection Container for PHP 5.3",
            "homepage": "http://pimple.sensiolabs.org",
            "keywords": [
                "container",
                "dependency injection"
            ],
            "time": "2013-11-22 08:30:29"
        },
        {
            "name": "seld/jsonlint",
            "version": "1.3.1",
            "source": {
                "type": "git",
                "url": "https://github.com/Seldaek/jsonlint.git",
                "reference": "863ae85c6d3ef60ca49cb12bd051c4a0648c40c4"
            },
            "dist": {
                "type": "zip",
                "url": "https://api.github.com/repos/Seldaek/jsonlint/zipball/863ae85c6d3ef60ca49cb12bd051c4a0648c40c4",
                "reference": "863ae85c6d3ef60ca49cb12bd051c4a0648c40c4",
                "shasum": ""
            },
            "require": {
                "php": ">=5.3.0"
            },
            "bin": [
                "bin/jsonlint"
            ],
            "type": "library",
            "autoload": {
                "psr-4": {
                    "Seld\\JsonLint\\": "src/Seld/JsonLint/"
                }
            },
            "notification-url": "https://packagist.org/downloads/",
            "license": [
                "MIT"
            ],
            "authors": [
                {
                    "name": "Jordi Boggiano",
                    "email": "j.boggiano@seld.be",
                    "homepage": "http://seld.be"
                }
            ],
            "description": "JSON Linter",
            "keywords": [
                "json",
                "linter",
                "parser",
                "validator"
            ],
            "time": "2015-01-04 21:18:15"
        },
        {
            "name": "symfony/event-dispatcher",
            "version": "v2.6.4",
            "target-dir": "Symfony/Component/EventDispatcher",
            "source": {
                "type": "git",
                "url": "https://github.com/symfony/event-dispatcher.git",
                "reference": "f75989f3ab2743a82fe0b03ded2598a2b1546813"
            },
            "dist": {
                "type": "zip",
                "url": "https://api.github.com/repos/symfony/event-dispatcher/zipball/f75989f3ab2743a82fe0b03ded2598a2b1546813",
                "reference": "f75989f3ab2743a82fe0b03ded2598a2b1546813",
                "shasum": ""
            },
            "require": {
                "php": ">=5.3.3"
            },
            "require-dev": {
                "psr/log": "~1.0",
                "symfony/config": "~2.0,>=2.0.5",
                "symfony/dependency-injection": "~2.6",
                "symfony/expression-language": "~2.6",
                "symfony/stopwatch": "~2.3"
            },
            "suggest": {
                "symfony/dependency-injection": "",
                "symfony/http-kernel": ""
            },
            "type": "library",
            "extra": {
                "branch-alias": {
                    "dev-master": "2.6-dev"
                }
            },
            "autoload": {
                "psr-0": {
                    "Symfony\\Component\\EventDispatcher\\": ""
                }
            },
            "notification-url": "https://packagist.org/downloads/",
            "license": [
                "MIT"
            ],
            "authors": [
                {
                    "name": "Symfony Community",
                    "homepage": "http://symfony.com/contributors"
                },
                {
                    "name": "Fabien Potencier",
                    "email": "fabien@symfony.com"
                }
            ],
            "description": "Symfony EventDispatcher Component",
            "homepage": "http://symfony.com",
            "time": "2015-02-01 16:10:57"
        },
        {
            "name": "symfony/filesystem",
            "version": "v2.6.4",
            "target-dir": "Symfony/Component/Filesystem",
            "source": {
                "type": "git",
                "url": "https://github.com/symfony/filesystem.git",
                "reference": "a1f566d1f92e142fa1593f4555d6d89e3044a9b7"
            },
            "dist": {
                "type": "zip",
                "url": "https://api.github.com/repos/symfony/filesystem/zipball/a1f566d1f92e142fa1593f4555d6d89e3044a9b7",
                "reference": "a1f566d1f92e142fa1593f4555d6d89e3044a9b7",
                "shasum": ""
            },
            "require": {
                "php": ">=5.3.3"
            },
            "type": "library",
            "extra": {
                "branch-alias": {
                    "dev-master": "2.6-dev"
                }
            },
            "autoload": {
                "psr-0": {
                    "Symfony\\Component\\Filesystem\\": ""
                }
            },
            "notification-url": "https://packagist.org/downloads/",
            "license": [
                "MIT"
            ],
            "authors": [
                {
                    "name": "Symfony Community",
                    "homepage": "http://symfony.com/contributors"
                },
                {
                    "name": "Fabien Potencier",
                    "email": "fabien@symfony.com"
                }
            ],
            "description": "Symfony Filesystem Component",
            "homepage": "http://symfony.com",
            "time": "2015-01-03 21:13:09"
        },
        {
            "name": "symfony/finder",
            "version": "v2.6.4",
            "target-dir": "Symfony/Component/Finder",
            "source": {
                "type": "git",
                "url": "https://github.com/symfony/Finder.git",
                "reference": "16513333bca64186c01609961a2bb1b95b5e1355"
            },
            "dist": {
                "type": "zip",
                "url": "https://api.github.com/repos/symfony/Finder/zipball/16513333bca64186c01609961a2bb1b95b5e1355",
                "reference": "16513333bca64186c01609961a2bb1b95b5e1355",
                "shasum": ""
            },
            "require": {
                "php": ">=5.3.3"
            },
            "type": "library",
            "extra": {
                "branch-alias": {
                    "dev-master": "2.6-dev"
                }
            },
            "autoload": {
                "psr-0": {
                    "Symfony\\Component\\Finder\\": ""
                }
            },
            "notification-url": "https://packagist.org/downloads/",
            "license": [
                "MIT"
            ],
            "authors": [
                {
                    "name": "Symfony Community",
                    "homepage": "http://symfony.com/contributors"
                },
                {
                    "name": "Fabien Potencier",
                    "email": "fabien@symfony.com"
                }
            ],
            "description": "Symfony Finder Component",
            "homepage": "http://symfony.com",
            "time": "2015-01-03 08:01:59"
        },
        {
            "name": "symfony/process",
            "version": "v2.8.4",
            "source": {
                "type": "git",
                "url": "https://github.com/symfony/process.git",
                "reference": "fb467471952ef5cf8497c029980e556b47545333"
            },
            "dist": {
                "type": "zip",
                "url": "https://api.github.com/repos/symfony/process/zipball/fb467471952ef5cf8497c029980e556b47545333",
                "reference": "fb467471952ef5cf8497c029980e556b47545333",
                "shasum": ""
            },
            "require": {
                "php": ">=5.3.9"
            },
            "type": "library",
            "extra": {
                "branch-alias": {
                    "dev-master": "2.8-dev"
                }
            },
            "autoload": {
                "psr-4": {
                    "Symfony\\Component\\Process\\": ""
                },
                "exclude-from-classmap": [
                    "/Tests/"
                ]
            },
            "notification-url": "https://packagist.org/downloads/",
            "license": [
                "MIT"
            ],
            "authors": [
                {
                    "name": "Fabien Potencier",
                    "email": "fabien@symfony.com"
                },
                {
                    "name": "Symfony Community",
                    "homepage": "https://symfony.com/contributors"
                }
            ],
            "description": "Symfony Process Component",
            "homepage": "https://symfony.com",
            "time": "2016-03-23 13:11:46"
        },
        {
            "name": "symfony/yaml",
            "version": "v2.6.4",
            "target-dir": "Symfony/Component/Yaml",
            "source": {
                "type": "git",
                "url": "https://github.com/symfony/Yaml.git",
                "reference": "60ed7751671113cf1ee7d7778e691642c2e9acd8"
            },
            "dist": {
                "type": "zip",
                "url": "https://api.github.com/repos/symfony/Yaml/zipball/60ed7751671113cf1ee7d7778e691642c2e9acd8",
                "reference": "60ed7751671113cf1ee7d7778e691642c2e9acd8",
                "shasum": ""
            },
            "require": {
                "php": ">=5.3.3"
            },
            "type": "library",
            "extra": {
                "branch-alias": {
                    "dev-master": "2.6-dev"
                }
            },
            "autoload": {
                "psr-0": {
                    "Symfony\\Component\\Yaml\\": ""
                }
            },
            "notification-url": "https://packagist.org/downloads/",
            "license": [
                "MIT"
            ],
            "authors": [
                {
                    "name": "Symfony Community",
                    "homepage": "http://symfony.com/contributors"
                },
                {
                    "name": "Fabien Potencier",
                    "email": "fabien@symfony.com"
                }
            ],
            "description": "Symfony Yaml Component",
            "homepage": "http://symfony.com",
            "time": "2015-01-25 04:39:26"
        },
        {
            "name": "twig/twig",
            "version": "v1.24.0",
            "source": {
                "type": "git",
                "url": "https://github.com/twigphp/Twig.git",
                "reference": "3e5aa30ebfbafd5951fb1b01e338e1800ce7e0e8"
            },
            "dist": {
                "type": "zip",
                "url": "https://api.github.com/repos/twigphp/Twig/zipball/3e5aa30ebfbafd5951fb1b01e338e1800ce7e0e8",
                "reference": "3e5aa30ebfbafd5951fb1b01e338e1800ce7e0e8",
                "shasum": ""
            },
            "require": {
                "php": ">=5.2.7"
            },
            "require-dev": {
                "symfony/debug": "~2.7",
                "symfony/phpunit-bridge": "~2.7"
            },
            "type": "library",
            "extra": {
                "branch-alias": {
                    "dev-master": "1.24-dev"
                }
            },
            "autoload": {
                "psr-0": {
                    "Twig_": "lib/"
                }
            },
            "notification-url": "https://packagist.org/downloads/",
            "license": [
                "BSD-3-Clause"
            ],
            "authors": [
                {
                    "name": "Fabien Potencier",
                    "email": "fabien@symfony.com",
                    "homepage": "http://fabien.potencier.org",
                    "role": "Lead Developer"
                },
                {
                    "name": "Armin Ronacher",
                    "email": "armin.ronacher@active-4.com",
                    "role": "Project Founder"
                },
                {
                    "name": "Twig Team",
                    "homepage": "http://twig.sensiolabs.org/contributors",
                    "role": "Contributors"
                }
            ],
            "description": "Twig, the flexible, fast, and secure template language for PHP",
            "homepage": "http://twig.sensiolabs.org",
            "keywords": [
                "templating"
            ],
            "time": "2016-01-25 21:22:18"
        },
        {
            "name": "aleksip/plugin-data-transform",
            "version": "dev-master",
            "source": {
                "type": "git",
                "url": "https://github.com/aleksip/plugin-data-transform.git",
                "reference": "0ca78f235acfc63796d97c5c675d18881672fe4d"
            },
            "dist": {
                "type": "zip",
                "url": "https://api.github.com/repos/aleksip/plugin-data-transform/zipball/0ca78f235acfc63796d97c5c675d18881672fe4d",
                "reference": "0ca78f235acfc63796d97c5c675d18881672fe4d",
                "shasum": ""
            },
            "require": {
                "php": ">=5.5.9"
            },
            "type": "patternlab-plugin",
            "autoload": {
                "psr-0": {
                    "aleksip\\DataTransformPlugin\\": "src/",
                    "Drupal\\Component\\Render\\": "src/",
                    "Drupal\\Component\\Utility\\": "src/",
                    "Drupal\\Core\\Template\\": "src/"
                }
            },
            "notification-url": "https://packagist.org/downloads/",
            "license": [
                "GPL-2.0+"
            ],
            "authors": [
                {
                    "name": "Aleksi Peebles"
                }
            ],
            "description": "Data Transform Plugin for Pattern Lab PHP",
            "homepage": "https://github.com/aleksip/plugin-data-transform",
            "keywords": [
                "drupal",
                "pattern lab",
                "plugin"
            ],
            "time": "2016-01-13 14:21:58"
        }
    ],
    "packages-dev": [],
    "aliases": [],
    "minimum-stability": "dev",
    "stability-flags": {
        "aleksip/plugin-data-transform": 20
    },
    "prefer-stable": true,
    "prefer-lowest": false,
    "platform": {
        "php": ">=5.3.6"
    },
    "platform-dev": []
}
